
Microsoft Visual Studio Solution File, Format Version 12.00
# Visual Studio Version 16
VisualStudioVersion = 16.0.30114.105
MinimumVisualStudioVersion = 10.0.40219.1
Project("{FAE04EC0-301F-11D3-BF4B-00C04F79EFBC}") = "GestorTributario.API", "GestorTributario.API\GestorTributario.API.csproj", "{4330FA37-1946-4084-8B7D-C15E8FE42725}"
EndProject
Project("{FAE04EC0-301F-11D3-BF4B-00C04F79EFBC}") = "GestorTributario.API.AppService", "GestorTributario.API.AppService\GestorTributario.API.AppService.csproj", "{0348A923-5059-4A4B-BEE6-293BAB9AFA30}"
EndProject
Project("{FAE04EC0-301F-11D3-BF4B-00C04F79EFBC}") = "GestorTributario.API.Infra", "GestorTributario.API.Infra\GestorTributario.API.Infra.csproj", "{3DEDFA04-6986-451F-9333-0FF89099F7D1}"
EndProject
Global
	GlobalSection(SolutionConfigurationPlatforms) = preSolution
		Debug|Any CPU = Debug|Any CPU
		Debug|x64 = Debug|x64
		Debug|x86 = Debug|x86
		Release|Any CPU = Release|Any CPU
		Release|x64 = Release|x64
		Release|x86 = Release|x86
	EndGlobalSection
	GlobalSection(SolutionProperties) = preSolution
		HideSolutionNode = FALSE
	EndGlobalSection
	GlobalSection(ProjectConfigurationPlatforms) = postSolution
		{4330FA37-1946-4084-8B7D-C15E8FE42725}.Debug|Any CPU.ActiveCfg = Debug|Any CPU
		{4330FA37-1946-4084-8B7D-C15E8FE42725}.Debug|Any CPU.Build.0 = Debug|Any CPU
		{4330FA37-1946-4084-8B7D-C15E8FE42725}.Debug|x64.ActiveCfg = Debug|Any CPU
		{4330FA37-1946-4084-8B7D-C15E8FE42725}.Debug|x64.Build.0 = Debug|Any CPU
		{4330FA37-1946-4084-8B7D-C15E8FE42725}.Debug|x86.ActiveCfg = Debug|Any CPU
		{4330FA37-1946-4084-8B7D-C15E8FE42725}.Debug|x86.Build.0 = Debug|Any CPU
		{4330FA37-1946-4084-8B7D-C15E8FE42725}.Release|Any CPU.ActiveCfg = Release|Any CPU
		{4330FA37-1946-4084-8B7D-C15E8FE42725}.Release|Any CPU.Build.0 = Release|Any CPU
		{4330FA37-1946-4084-8B7D-C15E8FE42725}.Release|x64.ActiveCfg = Release|Any CPU
		{4330FA37-1946-4084-8B7D-C15E8FE42725}.Release|x64.Build.0 = Release|Any CPU
		{4330FA37-1946-4084-8B7D-C15E8FE42725}.Release|x86.ActiveCfg = Release|Any CPU
		{4330FA37-1946-4084-8B7D-C15E8FE42725}.Release|x86.Build.0 = Release|Any CPU
		{0348A923-5059-4A4B-BEE6-293BAB9AFA30}.Debug|Any CPU.ActiveCfg = Debug|Any CPU
		{0348A923-5059-4A4B-BEE6-293BAB9AFA30}.Debug|Any CPU.Build.0 = Debug|Any CPU
		{0348A923-5059-4A4B-BEE6-293BAB9AFA30}.Debug|x64.ActiveCfg = Debug|Any CPU
		{0348A923-5059-4A4B-BEE6-293BAB9AFA30}.Debug|x64.Build.0 = Debug|Any CPU
		{0348A923-5059-4A4B-BEE6-293BAB9AFA30}.Debug|x86.ActiveCfg = Debug|Any CPU
		{0348A923-5059-4A4B-BEE6-293BAB9AFA30}.Debug|x86.Build.0 = Debug|Any CPU
		{0348A923-5059-4A4B-BEE6-293BAB9AFA30}.Release|Any CPU.ActiveCfg = Release|Any CPU
		{0348A923-5059-4A4B-BEE6-293BAB9AFA30}.Release|Any CPU.Build.0 = Release|Any CPU
		{0348A923-5059-4A4B-BEE6-293BAB9AFA30}.Release|x64.ActiveCfg = Release|Any CPU
		{0348A923-5059-4A4B-BEE6-293BAB9AFA30}.Release|x64.Build.0 = Release|Any CPU
		{0348A923-5059-4A4B-BEE6-293BAB9AFA30}.Release|x86.ActiveCfg = Release|Any CPU
		{0348A923-5059-4A4B-BEE6-293BAB9AFA30}.Release|x86.Build.0 = Release|Any CPU
		{3DEDFA04-6986-451F-9333-0FF89099F7D1}.Debug|Any CPU.ActiveCfg = Debug|Any CPU
		{3DEDFA04-6986-451F-9333-0FF89099F7D1}.Debug|Any CPU.Build.0 = Debug|Any CPU
		{3DEDFA04-6986-451F-9333-0FF89099F7D1}.Debug|x64.ActiveCfg = Debug|Any CPU
		{3DEDFA04-6986-451F-9333-0FF89099F7D1}.Debug|x64.Build.0 = Debug|Any CPU
		{3DEDFA04-6986-451F-9333-0FF89099F7D1}.Debug|x86.ActiveCfg = Debug|Any CPU
		{3DEDFA04-6986-451F-9333-0FF89099F7D1}.Debug|x86.Build.0 = Debug|Any CPU
		{3DEDFA04-6986-451F-9333-0FF89099F7D1}.Release|Any CPU.ActiveCfg = Release|Any CPU
		{3DEDFA04-6986-451F-9333-0FF89099F7D1}.Release|Any CPU.Build.0 = Release|Any CPU
		{3DEDFA04-6986-451F-9333-0FF89099F7D1}.Release|x64.ActiveCfg = Release|Any CPU
		{3DEDFA04-6986-451F-9333-0FF89099F7D1}.Release|x64.Build.0 = Release|Any CPU
		{3DEDFA04-6986-451F-9333-0FF89099F7D1}.Release|x86.ActiveCfg = Release|Any CPU
		{3DEDFA04-6986-451F-9333-0FF89099F7D1}.Release|x86.Build.0 = Release|Any CPU
	EndGlobalSection
EndGlobal
